
Microsoft Visual Studio Solution File, Format Version 12.00
# Visual Studio 15
VisualStudioVersion = 15.0.26430.16
MinimumVisualStudioVersion = 10.0.40219.1
Project("{FAE04EC0-301F-11D3-BF4B-00C04F79EFBC}") = "ForumProject.WebUI", "ForumProject\ForumProject.WebUI.csproj", "{7E611E3C-CA0E-4640-A3FC-BB0E4C396AB9}"
EndProject
Project("{FAE04EC0-301F-11D3-BF4B-00C04F79EFBC}") = "ForumProject.Tests.Unit", "ForumProject.Tests.Unit\ForumProject.Tests.Unit.csproj", "{7D20AF39-8B9E-44E4-BD41-7F82CE2276BC}"
EndProject
Project("{FAE04EC0-301F-11D3-BF4B-00C04F79EFBC}") = "ForumProject.Domain", "ForumProject.Domain\ForumProject.Domain.csproj", "{99DDD656-2F4C-43AA-871A-19C0E2004B1F}"
EndProject
Global
	GlobalSection(SolutionConfigurationPlatforms) = preSolution
		Debug|Any CPU = Debug|Any CPU
		Release|Any CPU = Release|Any CPU
	EndGlobalSection
	GlobalSection(ProjectConfigurationPlatforms) = postSolution
		{7E611E3C-CA0E-4640-A3FC-BB0E4C396AB9}.Debug|Any CPU.ActiveCfg = Debug|Any CPU
		{7E611E3C-CA0E-4640-A3FC-BB0E4C396AB9}.Debug|Any CPU.Build.0 = Debug|Any CPU
		{7E611E3C-CA0E-4640-A3FC-BB0E4C396AB9}.Release|Any CPU.ActiveCfg = Release|Any CPU
		{7E611E3C-CA0E-4640-A3FC-BB0E4C396AB9}.Release|Any CPU.Build.0 = Release|Any CPU
		{7D20AF39-8B9E-44E4-BD41-7F82CE2276BC}.Debug|Any CPU.ActiveCfg = Debug|Any CPU
		{7D20AF39-8B9E-44E4-BD41-7F82CE2276BC}.Debug|Any CPU.Build.0 = Debug|Any CPU
		{7D20AF39-8B9E-44E4-BD41-7F82CE2276BC}.Release|Any CPU.ActiveCfg = Release|Any CPU
		{7D20AF39-8B9E-44E4-BD41-7F82CE2276BC}.Release|Any CPU.Build.0 = Release|Any CPU
		{99DDD656-2F4C-43AA-871A-19C0E2004B1F}.Debug|Any CPU.ActiveCfg = Debug|Any CPU
		{99DDD656-2F4C-43AA-871A-19C0E2004B1F}.Debug|Any CPU.Build.0 = Debug|Any CPU
		{99DDD656-2F4C-43AA-871A-19C0E2004B1F}.Release|Any CPU.ActiveCfg = Release|Any CPU
		{99DDD656-2F4C-43AA-871A-19C0E2004B1F}.Release|Any CPU.Build.0 = Release|Any CPU
	EndGlobalSection
	GlobalSection(SolutionProperties) = preSolution
		HideSolutionNode = FALSE
	EndGlobalSection
EndGlobal
